<?xml version="1.0" encoding="utf-8"?>
<Project ToolsVersion="4.0" xmlns="http://schemas.microsoft.com/developer/msbuild/2003">
  <ItemGroup>
    <Filter Include="Resource Files">
      <UniqueIdentifier>{D9D6E242-F8AF-46E4-B9FD-80ECBC20BA3E}</UniqueIdentifier>
      <Extensions>qrc;*</Extensions>
      <ParseFiles>false</ParseFiles>
    </Filter>
    <Filter Include="Generated Files">
      <UniqueIdentifier>{71ED8ED8-ACB9-4CE9-BBE1-E00B30144E11}</UniqueIdentifier>
      <Extensions>moc;h;cpp</Extensions>
      <SourceControlFiles>False</SourceControlFiles>
    </Filter>
    <Filter Include="Generated Files\Debug">
      <UniqueIdentifier>{7be4f3ea-9113-422e-85ba-e46f80c6121a}</UniqueIdentifier>
      <Extensions>cpp;moc</Extensions>
      <SourceControlFiles>False</SourceControlFiles>
    </Filter>
    <Filter Include="Generated Files\Release">
      <UniqueIdentifier>{08c9683d-6077-4f32-a6e5-d9f69237d486}</UniqueIdentifier>
      <Extensions>cpp;moc</Extensions>
      <SourceControlFiles>False</SourceControlFiles>
    </Filter>
    <Filter Include="View">
      <UniqueIdentifier>{8d390445-a5e3-468f-80a4-f55efac32df0}</UniqueIdentifier>
    </Filter>
    <Filter Include="Model">
      <UniqueIdentifier>{dab115c4-7437-4f60-91da-a104bb3f7b82}</UniqueIdentifier>
    </Filter>
    <Filter Include="Controller">
      <UniqueIdentifier>{a4b64a4b-202c-4843-979f-5b65ee7bc46e}</UniqueIdentifier>
    </Filter>
  </ItemGroup>
  <ItemGroup>
    <ClCompile Include="GeneratedFiles\Debug\moc_NoteEditor.cpp">
      <Filter>Generated Files\Debug</Filter>
    </ClCompile>
    <ClCompile Include="GeneratedFiles\Release\moc_NoteEditor.cpp">
      <Filter>Generated Files\Release</Filter>
    </ClCompile>
    <ClCompile Include="GeneratedFiles\qrc_NoteEditor.cpp">
      <Filter>Generated Files</Filter>
    </ClCompile>
    <ClCompile Include="NoteEditor.cpp">
      <Filter>View</Filter>
    </ClCompile>
    <ClCompile Include="main.cpp" />
    <ClCompile Include="AbstractNote.cpp">
      <Filter>Model</Filter>
    </ClCompile>
    <ClCompile Include="Note.cpp">
      <Filter>Model</Filter>
    </ClCompile>
    <ClCompile Include="MultiNote.cpp">
      <Filter>Model</Filter>
    </ClCompile>
  </ItemGroup>
  <ItemGroup>
    <CustomBuild Include="NoteEditor.ui">
      <Filter>View</Filter>
    </CustomBuild>
    <CustomBuild Include="NoteEditor.h">
      <Filter>View</Filter>
    </CustomBuild>
    <CustomBuild Include="NoteEditor.qrc">
      <Filter>View</Filter>
    </CustomBuild>
  </ItemGroup>
  <ItemGroup>
    <ClInclude Include="GeneratedFiles\ui_NoteEditor.h">
      <Filter>Generated Files</Filter>
    </ClInclude>
    <ClInclude Include="Note.hpp">
      <Filter>Model</Filter>
    </ClInclude>
    <ClInclude Include="AbstractNote.hpp">
      <Filter>Model</Filter>
    </ClInclude>
    <ClInclude Include="Exceptions.h">
      <Filter>Controller</Filter>
    </ClInclude>
    <ClInclude Include="MultiNote.h">
      <Filter>Model</Filter>
    </ClInclude>
  </ItemGroup>
</Project>